
Microsoft Visual Studio Solution File, Format Version 12.00
# Visual Studio Version 17
VisualStudioVersion = 17.4.33205.214
MinimumVisualStudioVersion = 10.0.40219.1
Project("{FAE04EC0-301F-11D3-BF4B-00C04F79EFBC}") = "GarbageProcessKillerWithUI", "GarbageProcessKillerWithUI\GarbageProcessKillerWithUI.csproj", "{6F242F18-88DD-494C-B227-5F1729D678EE}"
EndProject
Project("{FAE04EC0-301F-11D3-BF4B-00C04F79EFBC}") = "GarbageAutoKiller", "GarbageAutoKiller\GarbageAutoKiller.csproj", "{D34D0FA3-8388-4E97-A5BE-53E16C83A9E1}"
EndProject
Project("{FAE04EC0-301F-11D3-BF4B-00C04F79EFBC}") = "garbage process killer", "garbage process killer\garbage process killer\garbage process killer.csproj", "{5EF4B754-C962-48DE-985A-633D66788A6B}"
EndProject
Global
	GlobalSection(SolutionConfigurationPlatforms) = preSolution
		Debug|Any CPU = Debug|Any CPU
		Release|Any CPU = Release|Any CPU
	EndGlobalSection
	GlobalSection(ProjectConfigurationPlatforms) = postSolution
		{6F242F18-88DD-494C-B227-5F1729D678EE}.Debug|Any CPU.ActiveCfg = Debug|Any CPU
		{6F242F18-88DD-494C-B227-5F1729D678EE}.Debug|Any CPU.Build.0 = Debug|Any CPU
		{6F242F18-88DD-494C-B227-5F1729D678EE}.Release|Any CPU.ActiveCfg = Release|Any CPU
		{6F242F18-88DD-494C-B227-5F1729D678EE}.Release|Any CPU.Build.0 = Release|Any CPU
		{D34D0FA3-8388-4E97-A5BE-53E16C83A9E1}.Debug|Any CPU.ActiveCfg = Debug|Any CPU
		{D34D0FA3-8388-4E97-A5BE-53E16C83A9E1}.Debug|Any CPU.Build.0 = Debug|Any CPU
		{D34D0FA3-8388-4E97-A5BE-53E16C83A9E1}.Release|Any CPU.ActiveCfg = Release|Any CPU
		{D34D0FA3-8388-4E97-A5BE-53E16C83A9E1}.Release|Any CPU.Build.0 = Release|Any CPU
		{5EF4B754-C962-48DE-985A-633D66788A6B}.Debug|Any CPU.ActiveCfg = Debug|Any CPU
		{5EF4B754-C962-48DE-985A-633D66788A6B}.Debug|Any CPU.Build.0 = Debug|Any CPU
		{5EF4B754-C962-48DE-985A-633D66788A6B}.Release|Any CPU.ActiveCfg = Release|Any CPU
		{5EF4B754-C962-48DE-985A-633D66788A6B}.Release|Any CPU.Build.0 = Release|Any CPU
	EndGlobalSection
	GlobalSection(SolutionProperties) = preSolution
		HideSolutionNode = FALSE
	EndGlobalSection
	GlobalSection(ExtensibilityGlobals) = postSolution
		SolutionGuid = {48D92ECD-12E8-44AF-A8D9-400D3D7A0258}
	EndGlobalSection
EndGlobal
